// !$*UTF8*$!
{
	archiveVersion = 1;
	classes = {
	};
	objectVersion = 56;
	objects = {

/* Begin PBXBuildFile section */
		E434248B298BB2BA00588ECF /* AppDelegate.swift in Sources */ = {isa = PBXBuildFile; fileRef = E434248A298BB2BA00588ECF /* AppDelegate.swift */; };
		E434248D298BB2BA00588ECF /* SceneDelegate.swift in Sources */ = {isa = PBXBuildFile; fileRef = E434248C298BB2BA00588ECF /* SceneDelegate.swift */; };
		E434248F298BB2BA00588ECF /* SearchController.swift in Sources */ = {isa = PBXBuildFile; fileRef = E434248E298BB2BA00588ECF /* SearchController.swift */; };
		E4342492298BB2BA00588ECF /* Main.storyboard in Resources */ = {isa = PBXBuildFile; fileRef = E4342490298BB2BA00588ECF /* Main.storyboard */; };
		E4342494298BB2BC00588ECF /* Assets.xcassets in Resources */ = {isa = PBXBuildFile; fileRef = E4342493298BB2BC00588ECF /* Assets.xcassets */; };
		E4342497298BB2BC00588ECF /* LaunchScreen.storyboard in Resources */ = {isa = PBXBuildFile; fileRef = E4342495298BB2BC00588ECF /* LaunchScreen.storyboard */; };
		E43424A2298BB2BC00588ECF /* GithubSearcherTests.swift in Sources */ = {isa = PBXBuildFile; fileRef = E43424A1298BB2BC00588ECF /* GithubSearcherTests.swift */; };
		E43424AC298BB2BC00588ECF /* GithubSearcherUITests.swift in Sources */ = {isa = PBXBuildFile; fileRef = E43424AB298BB2BC00588ECF /* GithubSearcherUITests.swift */; };
		E43424AE298BB2BC00588ECF /* GithubSearcherUITestsLaunchTests.swift in Sources */ = {isa = PBXBuildFile; fileRef = E43424AD298BB2BC00588ECF /* GithubSearcherUITestsLaunchTests.swift */; };
		E43424C3298BCD5C00588ECF /* ResultCell.swift in Sources */ = {isa = PBXBuildFile; fileRef = E43424C1298BCD5C00588ECF /* ResultCell.swift */; };
		E43424C4298BCD5C00588ECF /* ResultCell.xib in Resources */ = {isa = PBXBuildFile; fileRef = E43424C2298BCD5C00588ECF /* ResultCell.xib */; };
		E43424C8298BE74000588ECF /* User.swift in Sources */ = {isa = PBXBuildFile; fileRef = E43424C7298BE74000588ECF /* User.swift */; };
		E43424CB298BEFB100588ECF /* NetworkManager.swift in Sources */ = {isa = PBXBuildFile; fileRef = E43424CA298BEFB100588ECF /* NetworkManager.swift */; };
		E43424DA298BF87D00588ECF /* DetailViewController.swift in Sources */ = {isa = PBXBuildFile; fileRef = E43424D8298BF87D00588ECF /* DetailViewController.swift */; };
		E43424DB298BF87D00588ECF /* DetailViewController.xib in Resources */ = {isa = PBXBuildFile; fileRef = E43424D9298BF87D00588ECF /* DetailViewController.xib */; };
		E43424DE298C179800588ECF /* ResultViewModel.swift in Sources */ = {isa = PBXBuildFile; fileRef = E43424DD298C179800588ECF /* ResultViewModel.swift */; };
		E43424E0298C4D4600588ECF /* DetailsController.swift in Sources */ = {isa = PBXBuildFile; fileRef = E43424DF298C4D4600588ECF /* DetailsController.swift */; };
		E43424E3298C5EE400588ECF /* Constants.swift in Sources */ = {isa = PBXBuildFile; fileRef = E43424E2298C5EE400588ECF /* Constants.swift */; };
		E43424E5298D1D0B00588ECF /* Extensions.swift in Sources */ = {isa = PBXBuildFile; fileRef = E43424E4298D1D0B00588ECF /* Extensions.swift */; };
/* End PBXBuildFile section */

/* Begin PBXContainerItemProxy section */
		E434249E298BB2BC00588ECF /* PBXContainerItemProxy */ = {
			isa = PBXContainerItemProxy;
			containerPortal = E434247F298BB2BA00588ECF /* Project object */;
			proxyType = 1;
			remoteGlobalIDString = E4342486298BB2BA00588ECF;
			remoteInfo = GithubSearcher;
		};
		E43424A8298BB2BC00588ECF /* PBXContainerItemProxy */ = {
			isa = PBXContainerItemProxy;
			containerPortal = E434247F298BB2BA00588ECF /* Project object */;
			proxyType = 1;
			remoteGlobalIDString = E4342486298BB2BA00588ECF;
			remoteInfo = GithubSearcher;
		};
/* End PBXContainerItemProxy section */

/* Begin PBXFileReference section */
		E4342487298BB2BA00588ECF /* GithubSearcher.app */ = {isa = PBXFileReference; explicitFileType = wrapper.application; includeInIndex = 0; path = GithubSearcher.app; sourceTree = BUILT_PRODUCTS_DIR; };
		E434248A298BB2BA00588ECF /* AppDelegate.swift */ = {isa = PBXFileReference; lastKnownFileType = sourcecode.swift; path = AppDelegate.swift; sourceTree = "<group>"; };
		E434248C298BB2BA00588ECF /* SceneDelegate.swift */ = {isa = PBXFileReference; lastKnownFileType = sourcecode.swift; path = SceneDelegate.swift; sourceTree = "<group>"; };
		E434248E298BB2BA00588ECF /* SearchController.swift */ = {isa = PBXFileReference; lastKnownFileType = sourcecode.swift; path = SearchController.swift; sourceTree = "<group>"; };
		E4342491298BB2BA00588ECF /* Base */ = {isa = PBXFileReference; lastKnownFileType = file.storyboard; name = Base; path = Base.lproj/Main.storyboard; sourceTree = "<group>"; };
		E4342493298BB2BC00588ECF /* Assets.xcassets */ = {isa = PBXFileReference; lastKnownFileType = folder.assetcatalog; path = Assets.xcassets; sourceTree = "<group>"; };
		E4342496298BB2BC00588ECF /* Base */ = {isa = PBXFileReference; lastKnownFileType = file.storyboard; name = Base; path = Base.lproj/LaunchScreen.storyboard; sourceTree = "<group>"; };
		E4342498298BB2BC00588ECF /* Info.plist */ = {isa = PBXFileReference; lastKnownFileType = text.plist.xml; path = Info.plist; sourceTree = "<group>"; };
		E434249D298BB2BC00588ECF /* GithubSearcherTests.xctest */ = {isa = PBXFileReference; explicitFileType = wrapper.cfbundle; includeInIndex = 0; path = GithubSearcherTests.xctest; sourceTree = BUILT_PRODUCTS_DIR; };
		E43424A1298BB2BC00588ECF /* GithubSearcherTests.swift */ = {isa = PBXFileReference; lastKnownFileType = sourcecode.swift; path = GithubSearcherTests.swift; sourceTree = "<group>"; };
		E43424A7298BB2BC00588ECF /* GithubSearcherUITests.xctest */ = {isa = PBXFileReference; explicitFileType = wrapper.cfbundle; includeInIndex = 0; path = GithubSearcherUITests.xctest; sourceTree = BUILT_PRODUCTS_DIR; };
		E43424AB298BB2BC00588ECF /* GithubSearcherUITests.swift */ = {isa = PBXFileReference; lastKnownFileType = sourcecode.swift; path = GithubSearcherUITests.swift; sourceTree = "<group>"; };
		E43424AD298BB2BC00588ECF /* GithubSearcherUITestsLaunchTests.swift */ = {isa = PBXFileReference; lastKnownFileType = sourcecode.swift; path = GithubSearcherUITestsLaunchTests.swift; sourceTree = "<group>"; };
		E43424C1298BCD5C00588ECF /* ResultCell.swift */ = {isa = PBXFileReference; lastKnownFileType = sourcecode.swift; path = ResultCell.swift; sourceTree = "<group>"; };
		E43424C2298BCD5C00588ECF /* ResultCell.xib */ = {isa = PBXFileReference; lastKnownFileType = file.xib; path = ResultCell.xib; sourceTree = "<group>"; };
		E43424C7298BE74000588ECF /* User.swift */ = {isa = PBXFileReference; lastKnownFileType = sourcecode.swift; path = User.swift; sourceTree = "<group>"; };
		E43424CA298BEFB100588ECF /* NetworkManager.swift */ = {isa = PBXFileReference; lastKnownFileType = sourcecode.swift; path = NetworkManager.swift; sourceTree = "<group>"; };
		E43424D8298BF87D00588ECF /* DetailViewController.swift */ = {isa = PBXFileReference; lastKnownFileType = sourcecode.swift; path = DetailViewController.swift; sourceTree = "<group>"; };
		E43424D9298BF87D00588ECF /* DetailViewController.xib */ = {isa = PBXFileReference; lastKnownFileType = file.xib; path = DetailViewController.xib; sourceTree = "<group>"; };
		E43424DD298C179800588ECF /* ResultViewModel.swift */ = {isa = PBXFileReference; lastKnownFileType = sourcecode.swift; path = ResultViewModel.swift; sourceTree = "<group>"; };
		E43424DF298C4D4600588ECF /* DetailsController.swift */ = {isa = PBXFileReference; lastKnownFileType = sourcecode.swift; path = DetailsController.swift; sourceTree = "<group>"; };
		E43424E2298C5EE400588ECF /* Constants.swift */ = {isa = PBXFileReference; lastKnownFileType = sourcecode.swift; path = Constants.swift; sourceTree = "<group>"; };
		E43424E4298D1D0B00588ECF /* Extensions.swift */ = {isa = PBXFileReference; lastKnownFileType = sourcecode.swift; path = Extensions.swift; sourceTree = "<group>"; };
/* End PBXFileReference section */

/* Begin PBXFrameworksBuildPhase section */
		E4342484298BB2BA00588ECF /* Frameworks */ = {
			isa = PBXFrameworksBuildPhase;
			buildActionMask = 2147483647;
			files = (
			);
			runOnlyForDeploymentPostprocessing = 0;
		};
		E434249A298BB2BC00588ECF /* Frameworks */ = {
			isa = PBXFrameworksBuildPhase;
			buildActionMask = 2147483647;
			files = (
			);
			runOnlyForDeploymentPostprocessing = 0;
		};
		E43424A4298BB2BC00588ECF /* Frameworks */ = {
			isa = PBXFrameworksBuildPhase;
			buildActionMask = 2147483647;
			files = (
			);
			runOnlyForDeploymentPostprocessing = 0;
		};
/* End PBXFrameworksBuildPhase section */

/* Begin PBXGroup section */
		E434247E298BB2BA00588ECF = {
			isa = PBXGroup;
			children = (
				E4342489298BB2BA00588ECF /* GithubSearcher */,
				E43424A0298BB2BC00588ECF /* GithubSearcherTests */,
				E43424AA298BB2BC00588ECF /* GithubSearcherUITests */,
				E4342488298BB2BA00588ECF /* Products */,
			);
			sourceTree = "<group>";
		};
		E4342488298BB2BA00588ECF /* Products */ = {
			isa = PBXGroup;
			children = (
				E4342487298BB2BA00588ECF /* GithubSearcher.app */,
				E434249D298BB2BC00588ECF /* GithubSearcherTests.xctest */,
				E43424A7298BB2BC00588ECF /* GithubSearcherUITests.xctest */,
			);
			name = Products;
			sourceTree = "<group>";
		};
		E4342489298BB2BA00588ECF /* GithubSearcher */ = {
			isa = PBXGroup;
			children = (
				E43424C9298BEF9500588ECF /* Network */,
				E43424C5298BE47E00588ECF /* Model */,
				E43424BA298BB60A00588ECF /* Controllers */,
				E43424BB298BB64C00588ECF /* Delegates */,
				E43424BC298BB67000588ECF /* Storyboards */,
				E43424E1298C5EC600588ECF /* Resources */,
				E4342498298BB2BC00588ECF /* Info.plist */,
			);
			path = GithubSearcher;
			sourceTree = "<group>";
		};
		E43424A0298BB2BC00588ECF /* GithubSearcherTests */ = {
			isa = PBXGroup;
			children = (
				E43424A1298BB2BC00588ECF /* GithubSearcherTests.swift */,
			);
			path = GithubSearcherTests;
			sourceTree = "<group>";
		};
		E43424AA298BB2BC00588ECF /* GithubSearcherUITests */ = {
			isa = PBXGroup;
			children = (
				E43424AB298BB2BC00588ECF /* GithubSearcherUITests.swift */,
				E43424AD298BB2BC00588ECF /* GithubSearcherUITestsLaunchTests.swift */,
			);
			path = GithubSearcherUITests;
			sourceTree = "<group>";
		};
		E43424BA298BB60A00588ECF /* Controllers */ = {
			isa = PBXGroup;
			children = (
				E434248E298BB2BA00588ECF /* SearchController.swift */,
				E43424C6298BE49B00588ECF /* Cell */,
				E43424DC298BF88C00588ECF /* Detail */,
				E43424DF298C4D4600588ECF /* DetailsController.swift */,
			);
			path = Controllers;
			sourceTree = "<group>";
		};
		E43424BB298BB64C00588ECF /* Delegates */ = {
			isa = PBXGroup;
			children = (
				E434248A298BB2BA00588ECF /* AppDelegate.swift */,
				E434248C298BB2BA00588ECF /* SceneDelegate.swift */,
			);
			path = Delegates;
			sourceTree = "<group>";
		};
		E43424BC298BB67000588ECF /* Storyboards */ = {
			isa = PBXGroup;
			children = (
				E4342495298BB2BC00588ECF /* LaunchScreen.storyboard */,
				E4342490298BB2BA00588ECF /* Main.storyboard */,
			);
			path = Storyboards;
			sourceTree = "<group>";
		};
		E43424C5298BE47E00588ECF /* Model */ = {
			isa = PBXGroup;
			children = (
				E43424C7298BE74000588ECF /* User.swift */,
				E43424DD298C179800588ECF /* ResultViewModel.swift */,
			);
			path = Model;
			sourceTree = "<group>";
		};
		E43424C6298BE49B00588ECF /* Cell */ = {
			isa = PBXGroup;
			children = (
				E43424C1298BCD5C00588ECF /* ResultCell.swift */,
				E43424C2298BCD5C00588ECF /* ResultCell.xib */,
			);
			path = Cell;
			sourceTree = "<group>";
		};
		E43424C9298BEF9500588ECF /* Network */ = {
			isa = PBXGroup;
			children = (
				E43424CA298BEFB100588ECF /* NetworkManager.swift */,
			);
			path = Network;
			sourceTree = "<group>";
		};
		E43424DC298BF88C00588ECF /* Detail */ = {
			isa = PBXGroup;
			children = (
				E43424D8298BF87D00588ECF /* DetailViewController.swift */,
				E43424D9298BF87D00588ECF /* DetailViewController.xib */,
			);
			path = Detail;
			sourceTree = "<group>";
		};
		E43424E1298C5EC600588ECF /* Resources */ = {
			isa = PBXGroup;
			children = (
				E4342493298BB2BC00588ECF /* Assets.xcassets */,
				E43424E2298C5EE400588ECF /* Constants.swift */,
				E43424E4298D1D0B00588ECF /* Extensions.swift */,
			);
			path = Resources;
			sourceTree = "<group>";
		};
/* End PBXGroup section */

/* Begin PBXNativeTarget section */
		E4342486298BB2BA00588ECF /* GithubSearcher */ = {
			isa = PBXNativeTarget;
			buildConfigurationList = E43424B1298BB2BC00588ECF /* Build configuration list for PBXNativeTarget "GithubSearcher" */;
			buildPhases = (
				E4342483298BB2BA00588ECF /* Sources */,
				E4342484298BB2BA00588ECF /* Frameworks */,
				E4342485298BB2BA00588ECF /* Resources */,
			);
			buildRules = (
			);
			dependencies = (
			);
			name = GithubSearcher;
			productName = GithubSearcher;
			productReference = E4342487298BB2BA00588ECF /* GithubSearcher.app */;
			productType = "com.apple.product-type.application";
		};
		E434249C298BB2BC00588ECF /* GithubSearcherTests */ = {
			isa = PBXNativeTarget;
			buildConfigurationList = E43424B4298BB2BC00588ECF /* Build configuration list for PBXNativeTarget "GithubSearcherTests" */;
			buildPhases = (
				E4342499298BB2BC00588ECF /* Sources */,
				E434249A298BB2BC00588ECF /* Frameworks */,
				E434249B298BB2BC00588ECF /* Resources */,
			);
			buildRules = (
			);
			dependencies = (
				E434249F298BB2BC00588ECF /* PBXTargetDependency */,
			);
			name = GithubSearcherTests;
			productName = GithubSearcherTests;
			productReference = E434249D298BB2BC00588ECF /* GithubSearcherTests.xctest */;
			productType = "com.apple.product-type.bundle.unit-test";
		};
		E43424A6298BB2BC00588ECF /* GithubSearcherUITests */ = {
			isa = PBXNativeTarget;
			buildConfigurationList = E43424B7298BB2BC00588ECF /* Build configuration list for PBXNativeTarget "GithubSearcherUITests" */;
			buildPhases = (
				E43424A3298BB2BC00588ECF /* Sources */,
				E43424A4298BB2BC00588ECF /* Frameworks */,
				E43424A5298BB2BC00588ECF /* Resources */,
			);
			buildRules = (
			);
			dependencies = (
				E43424A9298BB2BC00588ECF /* PBXTargetDependency */,
			);
			name = GithubSearcherUITests;
			productName = GithubSearcherUITests;
			productReference = E43424A7298BB2BC00588ECF /* GithubSearcherUITests.xctest */;
			productType = "com.apple.product-type.bundle.ui-testing";
		};
/* End PBXNativeTarget section */

/* Begin PBXProject section */
		E434247F298BB2BA00588ECF /* Project object */ = {
			isa = PBXProject;
			attributes = {
				BuildIndependentTargetsInParallel = 1;
				LastSwiftUpdateCheck = 1410;
				LastUpgradeCheck = 1410;
				TargetAttributes = {
					E4342486298BB2BA00588ECF = {
						CreatedOnToolsVersion = 14.1;
					};
					E434249C298BB2BC00588ECF = {
						CreatedOnToolsVersion = 14.1;
						TestTargetID = E4342486298BB2BA00588ECF;
					};
					E43424A6298BB2BC00588ECF = {
						CreatedOnToolsVersion = 14.1;
						TestTargetID = E4342486298BB2BA00588ECF;
					};
				};
			};
			buildConfigurationList = E4342482298BB2BA00588ECF /* Build configuration list for PBXProject "GithubSearcher" */;
			compatibilityVersion = "Xcode 14.0";
			developmentRegion = en;
			hasScannedForEncodings = 0;
			knownRegions = (
				en,
				Base,
			);
			mainGroup = E434247E298BB2BA00588ECF;
			productRefGroup = E4342488298BB2BA00588ECF /* Products */;
			projectDirPath = "";
			projectRoot = "";
			targets = (
				E4342486298BB2BA00588ECF /* GithubSearcher */,
				E434249C298BB2BC00588ECF /* GithubSearcherTests */,
				E43424A6298BB2BC00588ECF /* GithubSearcherUITests */,
			);
		};
/* End PBXProject section */

/* Begin PBXResourcesBuildPhase section */
		E4342485298BB2BA00588ECF /* Resources */ = {
			isa = PBXResourcesBuildPhase;
			buildActionMask = 2147483647;
			files = (
				E4342497298BB2BC00588ECF /* LaunchScreen.storyboard in Resources */,
				E4342494298BB2BC00588ECF /* Assets.xcassets in Resources */,
				E43424DB298BF87D00588ECF /* DetailViewController.xib in Resources */,
				E43424C4298BCD5C00588ECF /* ResultCell.xib in Resources */,
				E4342492298BB2BA00588ECF /* Main.storyboard in Resources */,
			);
			runOnlyForDeploymentPostprocessing = 0;
		};
		E434249B298BB2BC00588ECF /* Resources */ = {
			isa = PBXResourcesBuildPhase;
			buildActionMask = 2147483647;
			files = (
			);
			runOnlyForDeploymentPostprocessing = 0;
		};
		E43424A5298BB2BC00588ECF /* Resources */ = {
			isa = PBXResourcesBuildPhase;
			buildActionMask = 2147483647;
			files = (
			);
			runOnlyForDeploymentPostprocessing = 0;
		};
/* End PBXResourcesBuildPhase section */

/* Begin PBXSourcesBuildPhase section */
		E4342483298BB2BA00588ECF /* Sources */ = {
			isa = PBXSourcesBuildPhase;
			buildActionMask = 2147483647;
			files = (
				E43424DA298BF87D00588ECF /* DetailViewController.swift in Sources */,
				E43424E0298C4D4600588ECF /* DetailsController.swift in Sources */,
				E43424C8298BE74000588ECF /* User.swift in Sources */,
				E434248F298BB2BA00588ECF /* SearchController.swift in Sources */,
				E43424DE298C179800588ECF /* ResultViewModel.swift in Sources */,
				E43424E3298C5EE400588ECF /* Constants.swift in Sources */,
				E43424C3298BCD5C00588ECF /* ResultCell.swift in Sources */,
				E43424CB298BEFB100588ECF /* NetworkManager.swift in Sources */,
				E434248B298BB2BA00588ECF /* AppDelegate.swift in Sources */,
				E43424E5298D1D0B00588ECF /* Extensions.swift in Sources */,
				E434248D298BB2BA00588ECF /* SceneDelegate.swift in Sources */,
			);
			runOnlyForDeploymentPostprocessing = 0;
		};
		E4342499298BB2BC00588ECF /* Sources */ = {
			isa = PBXSourcesBuildPhase;
			buildActionMask = 2147483647;
			files = (
				E43424A2298BB2BC00588ECF /* GithubSearcherTests.swift in Sources */,
			);
			runOnlyForDeploymentPostprocessing = 0;
		};
		E43424A3298BB2BC00588ECF /* Sources */ = {
			isa = PBXSourcesBuildPhase;
			buildActionMask = 2147483647;
			files = (
				E43424AE298BB2BC00588ECF /* GithubSearcherUITestsLaunchTests.swift in Sources */,
				E43424AC298BB2BC00588ECF /* GithubSearcherUITests.swift in Sources */,
			);
			runOnlyForDeploymentPostprocessing = 0;
		};
/* End PBXSourcesBuildPhase section */

/* Begin PBXTargetDependency section */
		E434249F298BB2BC00588ECF /* PBXTargetDependency */ = {
			isa = PBXTargetDependency;
			target = E4342486298BB2BA00588ECF /* GithubSearcher */;
			targetProxy = E434249E298BB2BC00588ECF /* PBXContainerItemProxy */;
		};
		E43424A9298BB2BC00588ECF /* PBXTargetDependency */ = {
			isa = PBXTargetDependency;
			target = E4342486298BB2BA00588ECF /* GithubSearcher */;
			targetProxy = E43424A8298BB2BC00588ECF /* PBXContainerItemProxy */;
		};
/* End PBXTargetDependency section */

/* Begin PBXVariantGroup section */
		E4342490298BB2BA00588ECF /* Main.storyboard */ = {
			isa = PBXVariantGroup;
			children = (
				E4342491298BB2BA00588ECF /* Base */,
			);
			name = Main.storyboard;
			sourceTree = "<group>";
		};
		E4342495298BB2BC00588ECF /* LaunchScreen.storyboard */ = {
			isa = PBXVariantGroup;
			children = (
				E4342496298BB2BC00588ECF /* Base */,
			);
			name = LaunchScreen.storyboard;
			sourceTree = "<group>";
		};
/* End PBXVariantGroup section */

/* Begin XCBuildConfiguration section */
		E43424AF298BB2BC00588ECF /* Debug */ = {
			isa = XCBuildConfiguration;
			buildSettings = {
				ALWAYS_SEARCH_USER_PATHS = NO;
				CLANG_ANALYZER_NONNULL = YES;
				CLANG_ANALYZER_NUMBER_OBJECT_CONVERSION = YES_AGGRESSIVE;
				CLANG_CXX_LANGUAGE_STANDARD = "gnu++20";
				CLANG_ENABLE_MODULES = YES;
				CLANG_ENABLE_OBJC_ARC = YES;
				CLANG_ENABLE_OBJC_WEAK = YES;
				CLANG_WARN_BLOCK_CAPTURE_AUTORELEASING = YES;
				CLANG_WARN_BOOL_CONVERSION = YES;
				CLANG_WARN_COMMA = YES;
				CLANG_WARN_CONSTANT_CONVERSION = YES;
				CLANG_WARN_DEPRECATED_OBJC_IMPLEMENTATIONS = YES;
				CLANG_WARN_DIRECT_OBJC_ISA_USAGE = YES_ERROR;
				CLANG_WARN_DOCUMENTATION_COMMENTS = YES;
				CLANG_WARN_EMPTY_BODY = YES;
				CLANG_WARN_ENUM_CONVERSION = YES;
				CLANG_WARN_INFINITE_RECURSION = YES;
				CLANG_WARN_INT_CONVERSION = YES;
				CLANG_WARN_NON_LITERAL_NULL_CONVERSION = YES;
				CLANG_WARN_OBJC_IMPLICIT_RETAIN_SELF = YES;
				CLANG_WARN_OBJC_LITERAL_CONVERSION = YES;
				CLANG_WARN_OBJC_ROOT_CLASS = YES_ERROR;
				CLANG_WARN_QUOTED_INCLUDE_IN_FRAMEWORK_HEADER = YES;
				CLANG_WARN_RANGE_LOOP_ANALYSIS = YES;
				CLANG_WARN_STRICT_PROTOTYPES = YES;
				CLANG_WARN_SUSPICIOUS_MOVE = YES;
				CLANG_WARN_UNGUARDED_AVAILABILITY = YES_AGGRESSIVE;
				CLANG_WARN_UNREACHABLE_CODE = YES;
				CLANG_WARN__DUPLICATE_METHOD_MATCH = YES;
				COPY_PHASE_STRIP = NO;
				DEBUG_INFORMATION_FORMAT = dwarf;
				ENABLE_STRICT_OBJC_MSGSEND = YES;
				ENABLE_TESTABILITY = YES;
				GCC_C_LANGUAGE_STANDARD = gnu11;
				GCC_DYNAMIC_NO_PIC = NO;
				GCC_NO_COMMON_BLOCKS = YES;
				GCC_OPTIMIZATION_LEVEL = 0;
				GCC_PREPROCESSOR_DEFINITIONS = (
					"DEBUG=1",
					"$(inherited)",
				);
				GCC_WARN_64_TO_32_BIT_CONVERSION = YES;
				GCC_WARN_ABOUT_RETURN_TYPE = YES_ERROR;
				GCC_WARN_UNDECLARED_SELECTOR = YES;
				GCC_WARN_UNINITIALIZED_AUTOS = YES_AGGRESSIVE;
				GCC_WARN_UNUSED_FUNCTION = YES;
				GCC_WARN_UNUSED_VARIABLE = YES;
				IPHONEOS_DEPLOYMENT_TARGET = 16.1;
				MTL_ENABLE_DEBUG_INFO = INCLUDE_SOURCE;
				MTL_FAST_MATH = YES;
				ONLY_ACTIVE_ARCH = YES;
				SDKROOT = iphoneos;
				SWIFT_ACTIVE_COMPILATION_CONDITIONS = DEBUG;
				SWIFT_OPTIMIZATION_LEVEL = "-Onone";
			};
			name = Debug;
		};
		E43424B0298BB2BC00588ECF /* Release */ = {
			isa = XCBuildConfiguration;
			buildSettings = {
				ALWAYS_SEARCH_USER_PATHS = NO;
				CLANG_ANALYZER_NONNULL = YES;
				CLANG_ANALYZER_NUMBER_OBJECT_CONVERSION = YES_AGGRESSIVE;
				CLANG_CXX_LANGUAGE_STANDARD = "gnu++20";
				CLANG_ENABLE_MODULES = YES;
				CLANG_ENABLE_OBJC_ARC = YES;
				CLANG_ENABLE_OBJC_WEAK = YES;
				CLANG_WARN_BLOCK_CAPTURE_AUTORELEASING = YES;
				CLANG_WARN_BOOL_CONVERSION = YES;
				CLANG_WARN_COMMA = YES;
				CLANG_WARN_CONSTANT_CONVERSION = YES;
				CLANG_WARN_DEPRECATED_OBJC_IMPLEMENTATIONS = YES;
				CLANG_WARN_DIRECT_OBJC_ISA_USAGE = YES_ERROR;
				CLANG_WARN_DOCUMENTATION_COMMENTS = YES;
				CLANG_WARN_EMPTY_BODY = YES;
				CLANG_WARN_ENUM_CONVERSION = YES;
				CLANG_WARN_INFINITE_RECURSION = YES;
				CLANG_WARN_INT_CONVERSION = YES;
				CLANG_WARN_NON_LITERAL_NULL_CONVERSION = YES;
				CLANG_WARN_OBJC_IMPLICIT_RETAIN_SELF = YES;
				CLANG_WARN_OBJC_LITERAL_CONVERSION = YES;
				CLANG_WARN_OBJC_ROOT_CLASS = YES_ERROR;
				CLANG_WARN_QUOTED_INCLUDE_IN_FRAMEWORK_HEADER = YES;
				CLANG_WARN_RANGE_LOOP_ANALYSIS = YES;
				CLANG_WARN_STRICT_PROTOTYPES = YES;
				CLANG_WARN_SUSPICIOUS_MOVE = YES;
				CLANG_WARN_UNGUARDED_AVAILABILITY = YES_AGGRESSIVE;
				CLANG_WARN_UNREACHABLE_CODE = YES;
				CLANG_WARN__DUPLICATE_METHOD_MATCH = YES;
				COPY_PHASE_STRIP = NO;
				DEBUG_INFORMATION_FORMAT = "dwarf-with-dsym";
				ENABLE_NS_ASSERTIONS = NO;
				ENABLE_STRICT_OBJC_MSGSEND = YES;
				GCC_C_LANGUAGE_STANDARD = gnu11;
				GCC_NO_COMMON_BLOCKS = YES;
				GCC_WARN_64_TO_32_BIT_CONVERSION = YES;
				GCC_WARN_ABOUT_RETURN_TYPE = YES_ERROR;
				GCC_WARN_UNDECLARED_SELECTOR = YES;
				GCC_WARN_UNINITIALIZED_AUTOS = YES_AGGRESSIVE;
				GCC_WARN_UNUSED_FUNCTION = YES;
				GCC_WARN_UNUSED_VARIABLE = YES;
				IPHONEOS_DEPLOYMENT_TARGET = 16.1;
				MTL_ENABLE_DEBUG_INFO = NO;
				MTL_FAST_MATH = YES;
				SDKROOT = iphoneos;
				SWIFT_COMPILATION_MODE = wholemodule;
				SWIFT_OPTIMIZATION_LEVEL = "-O";
				VALIDATE_PRODUCT = YES;
			};
			name = Release;
		};
		E43424B2298BB2BC00588ECF /* Debug */ = {
			isa = XCBuildConfiguration;
			buildSettings = {
				ASSETCATALOG_COMPILER_APPICON_NAME = AppIcon;
				ASSETCATALOG_COMPILER_GLOBAL_ACCENT_COLOR_NAME = AccentColor;
				CODE_SIGN_STYLE = Automatic;
				CURRENT_PROJECT_VERSION = 1;
				DEVELOPMENT_TEAM = 6MQ6RYJ3C2;
				GENERATE_INFOPLIST_FILE = YES;
				INFOPLIST_FILE = GithubSearcher/Info.plist;
				INFOPLIST_KEY_UIApplicationSupportsIndirectInputEvents = YES;
				INFOPLIST_KEY_UILaunchStoryboardName = LaunchScreen;
				INFOPLIST_KEY_UIMainStoryboardFile = Main;
				INFOPLIST_KEY_UISupportedInterfaceOrientations_iPad = "UIInterfaceOrientationPortrait UIInterfaceOrientationPortraitUpsideDown UIInterfaceOrientationLandscapeLeft UIInterfaceOrientationLandscapeRight";
				INFOPLIST_KEY_UISupportedInterfaceOrientations_iPhone = "UIInterfaceOrientationPortrait UIInterfaceOrientationLandscapeLeft UIInterfaceOrientationLandscapeRight";
				LD_RUNPATH_SEARCH_PATHS = (
					"$(inherited)",
					"@executable_path/Frameworks",
				);
				MARKETING_VERSION = 1.0;
				PRODUCT_BUNDLE_IDENTIFIER = com.ucwealth.GithubSearcher;
				PRODUCT_NAME = "$(TARGET_NAME)";
				SWIFT_EMIT_LOC_STRINGS = YES;
				SWIFT_VERSION = 5.0;
				TARGETED_DEVICE_FAMILY = "1,2";
			};
			name = Debug;
		};
		E43424B3298BB2BC00588ECF /* Release */ = {
			isa = XCBuildConfiguration;
			buildSettings = {
				ASSETCATALOG_COMPILER_APPICON_NAME = AppIcon;
				ASSETCATALOG_COMPILER_GLOBAL_ACCENT_COLOR_NAME = AccentColor;
				CODE_SIGN_STYLE = Automatic;
				CURRENT_PROJECT_VERSION = 1;
				DEVELOPMENT_TEAM = 6MQ6RYJ3C2;
				GENERATE_INFOPLIST_FILE = YES;
				INFOPLIST_FILE = GithubSearcher/Info.plist;
				INFOPLIST_KEY_UIApplicationSupportsIndirectInputEvents = YES;
				INFOPLIST_KEY_UILaunchStoryboardName = LaunchScreen;
				INFOPLIST_KEY_UIMainStoryboardFile = Main;
				INFOPLIST_KEY_UISupportedInterfaceOrientations_iPad = "UIInterfaceOrientationPortrait UIInterfaceOrientationPortraitUpsideDown UIInterfaceOrientationLandscapeLeft UIInterfaceOrientationLandscapeRight";
				INFOPLIST_KEY_UISupportedInterfaceOrientations_iPhone = "UIInterfaceOrientationPortrait UIInterfaceOrientationLandscapeLeft UIInterfaceOrientationLandscapeRight";
				LD_RUNPATH_SEARCH_PATHS = (
					"$(inherited)",
					"@executable_path/Frameworks",
				);
				MARKETING_VERSION = 1.0;
				PRODUCT_BUNDLE_IDENTIFIER = com.ucwealth.GithubSearcher;
				PRODUCT_NAME = "$(TARGET_NAME)";
				SWIFT_EMIT_LOC_STRINGS = YES;
				SWIFT_VERSION = 5.0;
				TARGETED_DEVICE_FAMILY = "1,2";
			};
			name = Release;
		};
		E43424B5298BB2BC00588ECF /* Debug */ = {
			isa = XCBuildConfiguration;
			buildSettings = {
				ALWAYS_EMBED_SWIFT_STANDARD_LIBRARIES = YES;
				BUNDLE_LOADER = "$(TEST_HOST)";
				CODE_SIGN_STYLE = Automatic;
				CURRENT_PROJECT_VERSION = 1;
				DEVELOPMENT_TEAM = 6MQ6RYJ3C2;
				GENERATE_INFOPLIST_FILE = YES;
				IPHONEOS_DEPLOYMENT_TARGET = 16.1;
				MARKETING_VERSION = 1.0;
				PRODUCT_BUNDLE_IDENTIFIER = com.ucwealth.GithubSearcherTests;
				PRODUCT_NAME = "$(TARGET_NAME)";
				SWIFT_EMIT_LOC_STRINGS = NO;
				SWIFT_VERSION = 5.0;
				TARGETED_DEVICE_FAMILY = "1,2";
				TEST_HOST = "$(BUILT_PRODUCTS_DIR)/GithubSearcher.app/$(BUNDLE_EXECUTABLE_FOLDER_PATH)/GithubSearcher";
			};
			name = Debug;
		};
		E43424B6298BB2BC00588ECF /* Release */ = {
			isa = XCBuildConfiguration;
			buildSettings = {
				ALWAYS_EMBED_SWIFT_STANDARD_LIBRARIES = YES;
				BUNDLE_LOADER = "$(TEST_HOST)";
				CODE_SIGN_STYLE = Automatic;
				CURRENT_PROJECT_VERSION = 1;
				DEVELOPMENT_TEAM = 6MQ6RYJ3C2;
				GENERATE_INFOPLIST_FILE = YES;
				IPHONEOS_DEPLOYMENT_TARGET = 16.1;
				MARKETING_VERSION = 1.0;
				PRODUCT_BUNDLE_IDENTIFIER = com.ucwealth.GithubSearcherTests;
				PRODUCT_NAME = "$(TARGET_NAME)";
				SWIFT_EMIT_LOC_STRINGS = NO;
				SWIFT_VERSION = 5.0;
				TARGETED_DEVICE_FAMILY = "1,2";
				TEST_HOST = "$(BUILT_PRODUCTS_DIR)/GithubSearcher.app/$(BUNDLE_EXECUTABLE_FOLDER_PATH)/GithubSearcher";
			};
			name = Release;
		};
		E43424B8298BB2BC00588ECF /* Debug */ = {
			isa = XCBuildConfiguration;
			buildSettings = {
				ALWAYS_EMBED_SWIFT_STANDARD_LIBRARIES = YES;
				CODE_SIGN_STYLE = Automatic;
				CURRENT_PROJECT_VERSION = 1;
				DEVELOPMENT_TEAM = 6MQ6RYJ3C2;
				GENERATE_INFOPLIST_FILE = YES;
				MARKETING_VERSION = 1.0;
				PRODUCT_BUNDLE_IDENTIFIER = com.ucwealth.GithubSearcherUITests;
				PRODUCT_NAME = "$(TARGET_NAME)";
				SWIFT_EMIT_LOC_STRINGS = NO;
				SWIFT_VERSION = 5.0;
				TARGETED_DEVICE_FAMILY = "1,2";
				TEST_TARGET_NAME = GithubSearcher;
			};
			name = Debug;
		};
		E43424B9298BB2BC00588ECF /* Release */ = {
			isa = XCBuildConfiguration;
			buildSettings = {
				ALWAYS_EMBED_SWIFT_STANDARD_LIBRARIES = YES;
				CODE_SIGN_STYLE = Automatic;
				CURRENT_PROJECT_VERSION = 1;
				DEVELOPMENT_TEAM = 6MQ6RYJ3C2;
				GENERATE_INFOPLIST_FILE = YES;
				MARKETING_VERSION = 1.0;
				PRODUCT_BUNDLE_IDENTIFIER = com.ucwealth.GithubSearcherUITests;
				PRODUCT_NAME = "$(TARGET_NAME)";
				SWIFT_EMIT_LOC_STRINGS = NO;
				SWIFT_VERSION = 5.0;
				TARGETED_DEVICE_FAMILY = "1,2";
				TEST_TARGET_NAME = GithubSearcher;
			};
			name = Release;
		};
/* End XCBuildConfiguration section */

/* Begin XCConfigurationList section */
		E4342482298BB2BA00588ECF /* Build configuration list for PBXProject "GithubSearcher" */ = {
			isa = XCConfigurationList;
			buildConfigurations = (
				E43424AF298BB2BC00588ECF /* Debug */,
				E43424B0298BB2BC00588ECF /* Release */,
			);
			defaultConfigurationIsVisible = 0;
			defaultConfigurationName = Release;
		};
		E43424B1298BB2BC00588ECF /* Build configuration list for PBXNativeTarget "GithubSearcher" */ = {
			isa = XCConfigurationList;
			buildConfigurations = (
				E43424B2298BB2BC00588ECF /* Debug */,
				E43424B3298BB2BC00588ECF /* Release */,
			);
			defaultConfigurationIsVisible = 0;
			defaultConfigurationName = Release;
		};
		E43424B4298BB2BC00588ECF /* Build configuration list for PBXNativeTarget "GithubSearcherTests" */ = {
			isa = XCConfigurationList;
			buildConfigurations = (
				E43424B5298BB2BC00588ECF /* Debug */,
				E43424B6298BB2BC00588ECF /* Release */,
			);
			defaultConfigurationIsVisible = 0;
			defaultConfigurationName = Release;
		};
		E43424B7298BB2BC00588ECF /* Build configuration list for PBXNativeTarget "GithubSearcherUITests" */ = {
			isa = XCConfigurationList;
			buildConfigurations = (
				E43424B8298BB2BC00588ECF /* Debug */,
				E43424B9298BB2BC00588ECF /* Release */,
			);
			defaultConfigurationIsVisible = 0;
			defaultConfigurationName = Release;
		};
/* End XCConfigurationList section */
	};
	rootObject = E434247F298BB2BA00588ECF /* Project object */;
}
